
Microsoft Visual Studio Solution File, Format Version 12.00
# Visual Studio Version 16
VisualStudioVersion = 16.0.29209.152
MinimumVisualStudioVersion = 10.0.40219.1
Project("{9A19103F-16F7-4668-BE54-9A1E7A4F7556}") = "UpdateHighScores", "HighScoreSvc\UpdateHighScores.csproj", "{9CECF40D-BAF0-42F5-8084-14548B6E11B5}"
EndProject
Global
	GlobalSection(SolutionConfigurationPlatforms) = preSolution
		Debug|Any CPU = Debug|Any CPU
		Release|Any CPU = Release|Any CPU
	EndGlobalSection
	GlobalSection(ProjectConfigurationPlatforms) = postSolution
		{9CECF40D-BAF0-42F5-8084-14548B6E11B5}.Debug|Any CPU.ActiveCfg = Debug|Any CPU
		{9CECF40D-BAF0-42F5-8084-14548B6E11B5}.Debug|Any CPU.Build.0 = Debug|Any CPU
		{9CECF40D-BAF0-42F5-8084-14548B6E11B5}.Release|Any CPU.ActiveCfg = Release|Any CPU
		{9CECF40D-BAF0-42F5-8084-14548B6E11B5}.Release|Any CPU.Build.0 = Release|Any CPU
	EndGlobalSection
	GlobalSection(SolutionProperties) = preSolution
		HideSolutionNode = FALSE
	EndGlobalSection
	GlobalSection(ExtensibilityGlobals) = postSolution
		SolutionGuid = {299D7E61-B036-42E0-BBA4-1C6FFEC01429}
	EndGlobalSection
EndGlobal
